# This file was autogenerated by Stack.
# You should not edit this file by hand.
# For more information, please see the documentation at:
#   https://docs.haskellstack.org/en/stable/lock_files

packages:
- completed:
    commit: 47d7e8c609847804676f7bdcaa3c2d45a59ba483
    git: https://github.com/kudu-dynamics/inline-java.git
    name: jni
    pantry-tree:
      sha256: 7b32a25e0f5b2ee919083bb7d4ce5be757a06b2e8380649cddfa1c6216424e00
      size: 1584
    subdir: jni
    version: 0.1.0
  original:
    commit: 47d7e8c609847804676f7bdcaa3c2d45a59ba483
    git: https://github.com/kudu-dynamics/inline-java.git
    subdir: jni
- completed:
    commit: 47d7e8c609847804676f7bdcaa3c2d45a59ba483
    git: https://github.com/kudu-dynamics/inline-java.git
    name: jvm
    pantry-tree:
      sha256: b83cd8b4ac5c151799950312258bcb9c9828356f41aa14ddb7c45b0ccdee5bed
      size: 1007
    subdir: jvm
    version: 0.1.0
  original:
    commit: 47d7e8c609847804676f7bdcaa3c2d45a59ba483
    git: https://github.com/kudu-dynamics/inline-java.git
    subdir: jvm
- completed:
    commit: 0eaace06ad1e9d80d13287b4e3b1e03f314082ed
    git: https://github.com/tweag/distributed-closure
    name: distributed-closure
    pantry-tree:
      sha256: e7df206cbe071243d742ae33a47105d37a801a380f598354d7439c5dc23c4ae2
      size: 1397
    version: 0.4.2.0
  original:
    commit: 0eaace06ad1e9d80d13287b4e3b1e03f314082ed
    git: https://github.com/tweag/distributed-closure
- completed:
    hackage: language-c-0.9.2@sha256:b4ec4cbab51a466463cf31c63e6e792f2ac9cfb563296deae02d7be26aba0e0f,4737
    pantry-tree:
      sha256: 28fceab6bd81b717b535b75d70b59e2dba6854132a746ee76e0b277558f6ab3c
      size: 3335
  original:
    hackage: language-c-0.9.2
snapshots:
- completed:
    sha256: a2cbcd2f37010a64c4ef74c21fd7e55982a07b49840d2bed306f9bac9981a9c3
    size: 648420
    url: https://raw.githubusercontent.com/commercialhaskell/stackage-snapshots/master/lts/20/0.yaml
  original: lts-20.0
