# This file was autogenerated by Stack.
# You should not edit this file by hand.
# For more information, please see the documentation at:
#   https://docs.haskellstack.org/en/stable/lock_files

packages:
- completed:
    commit: 421057ba848999f0b1ffec303eb6936e18e673cd
    git: https://github.com/kudu-dynamics/binary-analysis
    name: binary-analysis
    pantry-tree:
      sha256: d35868859548fe6a085db12a34de72a9908d61bd589ffee509a1e5787681e9f9
      size: 570
    version: 0.1.0
  original:
    commit: 421057ba848999f0b1ffec303eb6936e18e673cd
    git: https://github.com/kudu-dynamics/binary-analysis
- completed:
    commit: 9de6cfa65b8d5d692bf7f5de1e4f1b853f2bbef1
    git: https://github.com/kudu-dynamics/inline-java.git
    name: jni
    pantry-tree:
      sha256: 5b85b6e7a2a0c97bcde5790206d4d69b28bf8e33feb654d70dc7e8a26b51ca6f
      size: 1584
    subdir: jni
    version: 0.1.0
  original:
    commit: 9de6cfa65b8d5d692bf7f5de1e4f1b853f2bbef1
    git: https://github.com/kudu-dynamics/inline-java.git
    subdir: jni
- completed:
    commit: 9de6cfa65b8d5d692bf7f5de1e4f1b853f2bbef1
    git: https://github.com/kudu-dynamics/inline-java.git
    name: jvm
    pantry-tree:
      sha256: b83cd8b4ac5c151799950312258bcb9c9828356f41aa14ddb7c45b0ccdee5bed
      size: 1007
    subdir: jvm
    version: 0.1.0
  original:
    commit: 9de6cfa65b8d5d692bf7f5de1e4f1b853f2bbef1
    git: https://github.com/kudu-dynamics/inline-java.git
    subdir: jvm
snapshots:
- completed:
    sha256: 2fdd7d3e54540062ef75ca0a73ca3a804c527dbf8a4cadafabf340e66ac4af40
    size: 712469
    url: https://raw.githubusercontent.com/commercialhaskell/stackage-snapshots/master/lts/22/11.yaml
  original: lts-22.11
